
Microsoft Visual Studio Solution File, Format Version 12.00
# Visual Studio Version 17
VisualStudioVersion = 17.5.002.0
MinimumVisualStudioVersion = 10.0.40219.1
Project("{9A19103F-16F7-4668-BE54-9A1E7A4F7556}") = "ProjCalculator", "ProjCalculator.csproj", "{D24FDEB4-E853-443F-9579-BAA830086F0B}"
EndProject
Global
	GlobalSection(SolutionConfigurationPlatforms) = preSolution
		Debug|Any CPU = Debug|Any CPU
		Release|Any CPU = Release|Any CPU
	EndGlobalSection
	GlobalSection(ProjectConfigurationPlatforms) = postSolution
		{D24FDEB4-E853-443F-9579-BAA830086F0B}.Debug|Any CPU.ActiveCfg = Debug|Any CPU
		{D24FDEB4-E853-443F-9579-BAA830086F0B}.Debug|Any CPU.Build.0 = Debug|Any CPU
		{D24FDEB4-E853-443F-9579-BAA830086F0B}.Release|Any CPU.ActiveCfg = Release|Any CPU
		{D24FDEB4-E853-443F-9579-BAA830086F0B}.Release|Any CPU.Build.0 = Release|Any CPU
	EndGlobalSection
	GlobalSection(SolutionProperties) = preSolution
		HideSolutionNode = FALSE
	EndGlobalSection
	GlobalSection(ExtensibilityGlobals) = postSolution
		SolutionGuid = {78C69F59-C1BA-479A-8757-E3DEBA7D3FB0}
	EndGlobalSection
EndGlobal
